
Microsoft Visual Studio Solution File, Format Version 12.00
# Visual Studio Version 16
VisualStudioVersion = 16.0.29009.5
MinimumVisualStudioVersion = 10.0.40219.1
Project("{FAE04EC0-301F-11D3-BF4B-00C04F79EFBC}") = "FunctionApp24", "FunctionApp24\FunctionApp24.csproj", "{68AE27FE-A0F4-49DA-B69D-26C3738AD264}"
EndProject
Global
	GlobalSection(SolutionConfigurationPlatforms) = preSolution
		Debug|Any CPU = Debug|Any CPU
		Release|Any CPU = Release|Any CPU
	EndGlobalSection
	GlobalSection(ProjectConfigurationPlatforms) = postSolution
		{68AE27FE-A0F4-49DA-B69D-26C3738AD264}.Debug|Any CPU.ActiveCfg = Debug|Any CPU
		{68AE27FE-A0F4-49DA-B69D-26C3738AD264}.Debug|Any CPU.Build.0 = Debug|Any CPU
		{68AE27FE-A0F4-49DA-B69D-26C3738AD264}.Release|Any CPU.ActiveCfg = Release|Any CPU
		{68AE27FE-A0F4-49DA-B69D-26C3738AD264}.Release|Any CPU.Build.0 = Release|Any CPU
	EndGlobalSection
	GlobalSection(SolutionProperties) = preSolution
		HideSolutionNode = FALSE
	EndGlobalSection
	GlobalSection(ExtensibilityGlobals) = postSolution
		SolutionGuid = {385E0B0D-3689-4CA8-8A6B-CC4E1DE3850D}
	EndGlobalSection
EndGlobal
